{
  "name": "@tensorflow/tfjs-layers",
  "version": "0.8.5",
  "lockfileVersion": 1,
  "requires": true,
  "dependencies": {
    "yarn": {
      "version": "1.12.3",
      "resolved": "https://registry.npmjs.org/yarn/-/yarn-1.12.3.tgz",
      "integrity": "sha512-8f5rWNDvkhAmCxmn8C0LsNWMxTYVk4VGKiq0sIB6HGZjaZTHsGIH87SUmVDUEd2Wk54bqKoUlbVWgQFCQhRkVw=="
    }
  }
}
